
Microsoft Visual Studio Solution File, Format Version 12.00
# Visual Studio Version 17
VisualStudioVersion = 17.14.36121.58
MinimumVisualStudioVersion = 10.0.40219.1
Project("{FAE04EC0-301F-11D3-BF4B-00C04F79EFBC}") = "Fagprøve", "Fagprøve\Fagprøve.csproj", "{C75A1974-7215-41FD-9953-41EDFA8346B4}"
EndProject
Global
	GlobalSection(SolutionConfigurationPlatforms) = preSolution
		Debug|Any CPU = Debug|Any CPU
		Release|Any CPU = Release|Any CPU
	EndGlobalSection
	GlobalSection(ProjectConfigurationPlatforms) = postSolution
		{C75A1974-7215-41FD-9953-41EDFA8346B4}.Debug|Any CPU.ActiveCfg = Debug|Any CPU
		{C75A1974-7215-41FD-9953-41EDFA8346B4}.Debug|Any CPU.Build.0 = Debug|Any CPU
		{C75A1974-7215-41FD-9953-41EDFA8346B4}.Release|Any CPU.ActiveCfg = Release|Any CPU
		{C75A1974-7215-41FD-9953-41EDFA8346B4}.Release|Any CPU.Build.0 = Release|Any CPU
	EndGlobalSection
	GlobalSection(SolutionProperties) = preSolution
		HideSolutionNode = FALSE
	EndGlobalSection
	GlobalSection(ExtensibilityGlobals) = postSolution
		SolutionGuid = {2807E0B8-6120-4942-AB16-314AF7EF031B}
	EndGlobalSection
EndGlobal
